
Microsoft Visual Studio Solution File, Format Version 12.00
# Visual Studio Version 16
VisualStudioVersion = 16.0.29519.87
MinimumVisualStudioVersion = 10.0.40219.1
Project("{FAE04EC0-301F-11D3-BF4B-00C04F79EFBC}") = "KWEngine2", "KWEngine2\KWEngine2.csproj", "{414C7456-A5B8-49ED-A0EE-EC7777DEEF35}"
EndProject
Project("{FAE04EC0-301F-11D3-BF4B-00C04F79EFBC}") = "KWEngine2Test", "KWEngine2Test\KWEngine2Test.csproj", "{A729AD31-77DD-4E39-93FC-6FD9702EE9BC}"
EndProject
Global
	GlobalSection(SolutionConfigurationPlatforms) = preSolution
		Debug|Any CPU = Debug|Any CPU
		Release|Any CPU = Release|Any CPU
	EndGlobalSection
	GlobalSection(ProjectConfigurationPlatforms) = postSolution
		{414C7456-A5B8-49ED-A0EE-EC7777DEEF35}.Debug|Any CPU.ActiveCfg = Debug|Any CPU
		{414C7456-A5B8-49ED-A0EE-EC7777DEEF35}.Debug|Any CPU.Build.0 = Debug|Any CPU
		{414C7456-A5B8-49ED-A0EE-EC7777DEEF35}.Release|Any CPU.ActiveCfg = Release|Any CPU
		{414C7456-A5B8-49ED-A0EE-EC7777DEEF35}.Release|Any CPU.Build.0 = Release|Any CPU
		{A729AD31-77DD-4E39-93FC-6FD9702EE9BC}.Debug|Any CPU.ActiveCfg = Debug|Any CPU
		{A729AD31-77DD-4E39-93FC-6FD9702EE9BC}.Debug|Any CPU.Build.0 = Debug|Any CPU
		{A729AD31-77DD-4E39-93FC-6FD9702EE9BC}.Release|Any CPU.ActiveCfg = Release|Any CPU
		{A729AD31-77DD-4E39-93FC-6FD9702EE9BC}.Release|Any CPU.Build.0 = Release|Any CPU
	EndGlobalSection
	GlobalSection(SolutionProperties) = preSolution
		HideSolutionNode = FALSE
	EndGlobalSection
	GlobalSection(ExtensibilityGlobals) = postSolution
		SolutionGuid = {48B42622-A43A-4355-8F1C-F7F85757A78A}
	EndGlobalSection
EndGlobal
